
Microsoft Visual Studio Solution File, Format Version 12.00
# Visual Studio Version 16
VisualStudioVersion = 16.0.31205.134
MinimumVisualStudioVersion = 10.0.40219.1
Project("{FAE04EC0-301F-11D3-BF4B-00C04F79EFBC}") = "PersonDataManagement", "PersonDataManagement\PersonDataManagement.csproj", "{E51E802E-28AE-4B1B-B7F3-8A3E08830479}"
EndProject
Global
	GlobalSection(SolutionConfigurationPlatforms) = preSolution
		Debug|Any CPU = Debug|Any CPU
		Release|Any CPU = Release|Any CPU
	EndGlobalSection
	GlobalSection(ProjectConfigurationPlatforms) = postSolution
		{E51E802E-28AE-4B1B-B7F3-8A3E08830479}.Debug|Any CPU.ActiveCfg = Debug|Any CPU
		{E51E802E-28AE-4B1B-B7F3-8A3E08830479}.Debug|Any CPU.Build.0 = Debug|Any CPU
		{E51E802E-28AE-4B1B-B7F3-8A3E08830479}.Release|Any CPU.ActiveCfg = Release|Any CPU
		{E51E802E-28AE-4B1B-B7F3-8A3E08830479}.Release|Any CPU.Build.0 = Release|Any CPU
	EndGlobalSection
	GlobalSection(SolutionProperties) = preSolution
		HideSolutionNode = FALSE
	EndGlobalSection
	GlobalSection(ExtensibilityGlobals) = postSolution
		SolutionGuid = {2B4959E4-EF5D-4860-9C7B-FEF24E43EB91}
	EndGlobalSection
EndGlobal
